lockfileVersion: '6.0'

settings:
  autoInstallPeers: true
  excludeLinksFromLockfile: false

dependencies:
  '@axe-core/playwright':
    specifier: ^4.9.0
    version: 4.9.0(playwright-core@1.43.1)

devDependencies:
  '@playwright/test':
    specifier: ^1.43.1
    version: 1.43.1
  '@types/node':
    specifier: ^20.12.7
    version: 20.12.7

packages:

  /@axe-core/playwright@4.9.0(playwright-core@1.43.1):
    resolution: {integrity: sha512-Q1Lz75dNsX38jof+aev7RficDMdH/HLOLySkDdXR0fUoeFcLdw4UNgDO2CNNP4CTpoesEdfYRdd6VmDXjhBgbA==}
    peerDependencies:
      playwright-core: '>= 1.0.0'
    dependencies:
      axe-core: 4.9.0
      playwright-core: 1.43.1
    dev: false

  /@playwright/test@1.43.1:
    resolution: {integrity: sha512-HgtQzFgNEEo4TE22K/X7sYTYNqEMMTZmFS8kTq6m8hXj+m1D8TgwgIbumHddJa9h4yl4GkKb8/bgAl2+g7eDgA==}
    engines: {node: '>=16'}
    hasBin: true
    dependencies:
      playwright: 1.43.1
    dev: true

  /@types/node@20.12.7:
    resolution: {integrity: sha512-wq0cICSkRLVaf3UGLMGItu/PtdY7oaXaI/RVU+xliKVOtRna3PRY57ZDfztpDL0n11vfymMUnXv8QwYCO7L1wg==}
    dependencies:
      undici-types: 5.26.5
    dev: true

  /axe-core@4.9.0:
    resolution: {integrity: sha512-H5orY+M2Fr56DWmMFpMrq5Ge93qjNdPVqzBv5gWK3aD1OvjBEJlEzxf09z93dGVQeI0LiW+aCMIx1QtShC/zUw==}
    engines: {node: '>=4'}
    dev: false

  /fsevents@2.3.2:
    resolution: {integrity: sha512-xiqMQR4xAeHTuB9uWm+fFRcIOgKBMiOBP+eXiyT7jsgVCq1bkVygt00oASowB7EdtpOHaaPgKt812P9ab+DDKA==}
    engines: {node: ^8.16.0 || ^10.6.0 || >=11.0.0}
    os: [darwin]
    requiresBuild: true
    dev: true
    optional: true

  /playwright-core@1.43.1:
    resolution: {integrity: sha512-EI36Mto2Vrx6VF7rm708qSnesVQKbxEWvPrfA1IPY6HgczBplDx7ENtx+K2n4kJ41sLLkuGfmb0ZLSSXlDhqPg==}
    engines: {node: '>=16'}
    hasBin: true

  /playwright@1.43.1:
    resolution: {integrity: sha512-V7SoH0ai2kNt1Md9E3Gwas5B9m8KR2GVvwZnAI6Pg0m3sh7UvgiYhRrhsziCmqMJNouPckiOhk8T+9bSAK0VIA==}
    engines: {node: '>=16'}
    hasBin: true
    dependencies:
      playwright-core: 1.43.1
    optionalDependencies:
      fsevents: 2.3.2
    dev: true

  /undici-types@5.26.5:
    resolution: {integrity: sha512-JlCMO+ehdEIKqlFxk6IfVoAUVmgz7cU7zD/h9XZ0qzeosSHmUJVOzSQvvYSYWXkFXC+IfLKSIffhv0sVZup6pA==}
    dev: true
