lockfileVersion: '9.0'

settings:
  autoInstallPeers: true
  excludeLinksFromLockfile: false

importers:

  .:
    dependencies:
      '@axe-core/playwright':
        specifier: ^4.10.1
        version: 4.10.1(playwright-core@1.50.1)
    devDependencies:
      '@playwright/test':
        specifier: ^1.50.1
        version: 1.50.1
      '@types/node':
        specifier: ^22.13.8
        version: 22.13.8

packages:

  '@axe-core/playwright@4.10.1':
    resolution: {integrity: sha512-EV5t39VV68kuAfMKqb/RL+YjYKhfuGim9rgIaQ6Vntb2HgaCaau0h98Y3WEUqW1+PbdzxDtDNjFAipbtZuBmEA==}
    peerDependencies:
      playwright-core: '>= 1.0.0'

  '@playwright/test@1.50.1':
    resolution: {integrity: sha512-Jii3aBg+CEDpgnuDxEp/h7BimHcUTDlpEtce89xEumlJ5ef2hqepZ+PWp1DDpYC/VO9fmWVI1IlEaoI5fK9FXQ==}
    engines: {node: '>=18'}
    hasBin: true

  '@types/node@22.13.8':
    resolution: {integrity: sha512-G3EfaZS+iOGYWLLRCEAXdWK9my08oHNZ+FHluRiggIYJPOXzhOiDgpVCUHaUvyIC5/fj7C/p637jdzC666AOKQ==}

  axe-core@4.10.2:
    resolution: {integrity: sha512-RE3mdQ7P3FRSe7eqCWoeQ/Z9QXrtniSjp1wUjt5nRC3WIpz5rSCve6o3fsZ2aCpJtrZjSZgjwXAoTO5k4tEI0w==}
    engines: {node: '>=4'}

  fsevents@2.3.2:
    resolution: {integrity: sha512-xiqMQR4xAeHTuB9uWm+fFRcIOgKBMiOBP+eXiyT7jsgVCq1bkVygt00oASowB7EdtpOHaaPgKt812P9ab+DDKA==}
    engines: {node: ^8.16.0 || ^10.6.0 || >=11.0.0}
    os: [darwin]

  playwright-core@1.50.1:
    resolution: {integrity: sha512-ra9fsNWayuYumt+NiM069M6OkcRb1FZSK8bgi66AtpFoWkg2+y0bJSNmkFrWhMbEBbVKC/EruAHH3g0zmtwGmQ==}
    engines: {node: '>=18'}
    hasBin: true

  playwright@1.50.1:
    resolution: {integrity: sha512-G8rwsOQJ63XG6BbKj2w5rHeavFjy5zynBA9zsJMMtBoe/Uf757oG12NXz6e6OirF7RCrTVAKFXbLmn1RbL7Qaw==}
    engines: {node: '>=18'}
    hasBin: true

  undici-types@6.20.0:
    resolution: {integrity: sha512-Ny6QZ2Nju20vw1SRHe3d9jVu6gJ+4e3+MMpqu7pqE5HT6WsTSlce++GQmK5UXS8mzV8DSYHrQH+Xrf2jVcuKNg==}

snapshots:

  '@axe-core/playwright@4.10.1(playwright-core@1.50.1)':
    dependencies:
      axe-core: 4.10.2
      playwright-core: 1.50.1

  '@playwright/test@1.50.1':
    dependencies:
      playwright: 1.50.1

  '@types/node@22.13.8':
    dependencies:
      undici-types: 6.20.0

  axe-core@4.10.2: {}

  fsevents@2.3.2:
    optional: true

  playwright-core@1.50.1: {}

  playwright@1.50.1:
    dependencies:
      playwright-core: 1.50.1
    optionalDependencies:
      fsevents: 2.3.2

  undici-types@6.20.0: {}
